
Microsoft Visual Studio Solution File, Format Version 12.00
# Visual Studio Version 17
VisualStudioVersion = 17.3.32825.248
MinimumVisualStudioVersion = 10.0.40219.1
Project("{FAE04EC0-301F-11D3-BF4B-00C04F79EFBC}") = "stock-quote-alert", "stock-quote-alert\stock-quote-alert.csproj", "{3CD74477-25C2-443E-9349-AC764199EDD2}"
EndProject
Global
	GlobalSection(SolutionConfigurationPlatforms) = preSolution
		Debug|Any CPU = Debug|Any CPU
		Release|Any CPU = Release|Any CPU
	EndGlobalSection
	GlobalSection(ProjectConfigurationPlatforms) = postSolution
		{3CD74477-25C2-443E-9349-AC764199EDD2}.Debug|Any CPU.ActiveCfg = Debug|Any CPU
		{3CD74477-25C2-443E-9349-AC764199EDD2}.Debug|Any CPU.Build.0 = Debug|Any CPU
		{3CD74477-25C2-443E-9349-AC764199EDD2}.Release|Any CPU.ActiveCfg = Release|Any CPU
		{3CD74477-25C2-443E-9349-AC764199EDD2}.Release|Any CPU.Build.0 = Release|Any CPU
	EndGlobalSection
	GlobalSection(SolutionProperties) = preSolution
		HideSolutionNode = FALSE
	EndGlobalSection
	GlobalSection(ExtensibilityGlobals) = postSolution
		SolutionGuid = {EE93BC70-2140-4D58-BAB4-4A0C71510CB3}
	EndGlobalSection
EndGlobal
